<Solution>
  <Project Path="B_ControlFlow/B_ControlFlow.csproj" Id="9cc581f9-c919-46a3-859b-ece423d7497e" />
  <Project Path="CSharpCourse/A_CSharpCourse.csproj" />
  <Project Path="C_ArraysCollections/C_ArraysCollections.csproj" Id="54151dce-73e1-4fc8-9bcd-7ace9ffc9bc2" />
  <Project Path="D_OOP/D_OOP.csproj" Id="149d7059-3676-4bba-a182-a23f14eb1b64" />
</Solution>
